
Microsoft Visual Studio Solution File, Format Version 12.00
# Visual Studio Version 16
VisualStudioVersion = 16.0.29215.179
MinimumVisualStudioVersion = 10.0.40219.1
Project("{8BC9CEB8-8B4A-11D0-8D11-00A0C91BC942}") = "RNWinRTTestApp", "RNWinRTTestApp\RNWinRTTestApp.vcxproj", "{417B22DD-BCC2-4531-9244-66C8CE81A3F9}"
EndProject
Project("{8BC9CEB8-8B4A-11D0-8D11-00A0C91BC942}") = "WinRTTurboModule", "..\node_modules\react-native-winrt\windows\WinRTTurboModule\WinRTTurboModule.vcxproj", "{E13C9C82-0013-422C-945E-848A258AC4DB}"
EndProject
Global
	GlobalSection(SolutionConfigurationPlatforms) = preSolution
		Debug|x64 = Debug|x64
		Debug|x86 = Debug|x86
		Debug|ARM64 = Debug|ARM64
		Release|x64 = Release|x64
		Release|x86 = Release|x86
		Release|ARM64 = Release|ARM64
	EndGlobalSection
	GlobalSection(ProjectConfigurationPlatforms) = postSolution
		{417B22DD-BCC2-4531-9244-66C8CE81A3F9}.Debug|ARM64.ActiveCfg = Debug|ARM64
		{417B22DD-BCC2-4531-9244-66C8CE81A3F9}.Debug|ARM64.Build.0 = Debug|ARM64
		{417B22DD-BCC2-4531-9244-66C8CE81A3F9}.Debug|ARM64.Deploy.0 = Debug|ARM64
		{417B22DD-BCC2-4531-9244-66C8CE81A3F9}.Debug|x64.ActiveCfg = Debug|x64
		{417B22DD-BCC2-4531-9244-66C8CE81A3F9}.Debug|x64.Build.0 = Debug|x64
		{417B22DD-BCC2-4531-9244-66C8CE81A3F9}.Debug|x64.Deploy.0 = Debug|x64
		{417B22DD-BCC2-4531-9244-66C8CE81A3F9}.Debug|x86.ActiveCfg = Debug|Win32
		{417B22DD-BCC2-4531-9244-66C8CE81A3F9}.Debug|x86.Build.0 = Debug|Win32
		{417B22DD-BCC2-4531-9244-66C8CE81A3F9}.Debug|x86.Deploy.0 = Debug|Win32
		{417B22DD-BCC2-4531-9244-66C8CE81A3F9}.Release|ARM64.ActiveCfg = Release|ARM64
		{417B22DD-BCC2-4531-9244-66C8CE81A3F9}.Release|ARM64.Build.0 = Release|ARM64
		{417B22DD-BCC2-4531-9244-66C8CE81A3F9}.Release|ARM64.Deploy.0 = Release|ARM64
		{417B22DD-BCC2-4531-9244-66C8CE81A3F9}.Release|x64.ActiveCfg = Release|x64
		{417B22DD-BCC2-4531-9244-66C8CE81A3F9}.Release|x64.Build.0 = Release|x64
		{417B22DD-BCC2-4531-9244-66C8CE81A3F9}.Release|x64.Deploy.0 = Release|x64
		{417B22DD-BCC2-4531-9244-66C8CE81A3F9}.Release|x86.ActiveCfg = Release|Win32
		{417B22DD-BCC2-4531-9244-66C8CE81A3F9}.Release|x86.Build.0 = Release|Win32
		{417B22DD-BCC2-4531-9244-66C8CE81A3F9}.Release|x86.Deploy.0 = Release|Win32
		{E13C9C82-0013-422C-945E-848A258AC4DB}.Debug|x64.ActiveCfg = Debug|x64
		{E13C9C82-0013-422C-945E-848A258AC4DB}.Debug|x64.Build.0 = Debug|x64
		{E13C9C82-0013-422C-945E-848A258AC4DB}.Debug|x86.ActiveCfg = Debug|Win32
		{E13C9C82-0013-422C-945E-848A258AC4DB}.Debug|x86.Build.0 = Debug|Win32
		{E13C9C82-0013-422C-945E-848A258AC4DB}.Debug|ARM64.ActiveCfg = Debug|ARM64
		{E13C9C82-0013-422C-945E-848A258AC4DB}.Debug|ARM64.Build.0 = Debug|ARM64
		{E13C9C82-0013-422C-945E-848A258AC4DB}.Release|x64.ActiveCfg = Release|x64
		{E13C9C82-0013-422C-945E-848A258AC4DB}.Release|x64.Build.0 = Release|x64
		{E13C9C82-0013-422C-945E-848A258AC4DB}.Release|x86.ActiveCfg = Release|Win32
		{E13C9C82-0013-422C-945E-848A258AC4DB}.Release|x86.Build.0 = Release|Win32
		{E13C9C82-0013-422C-945E-848A258AC4DB}.Release|ARM64.ActiveCfg = Release|ARM64
		{E13C9C82-0013-422C-945E-848A258AC4DB}.Release|ARM64.Build.0 = Release|ARM64
	EndGlobalSection
	GlobalSection(SolutionProperties) = preSolution
		HideSolutionNode = FALSE
	EndGlobalSection
	GlobalSection(ExtensibilityGlobals) = postSolution
		SolutionGuid = {D43FAD39-F619-437D-BB40-04A3982ACB6A}
	EndGlobalSection
EndGlobal
