<?xml version="1.0" encoding="utf-8"?>
<Project ToolsVersion="4.0" xmlns="http://schemas.microsoft.com/developer/msbuild/2003">
  <ItemGroup>
    <ClCompile Include="main.cpp" />
    <ClCompile Include="pch.cpp" />
    <ClCompile Include="CommandReader.cpp" />
    <ClCompile Include="MetadataHelpers.cpp" />
    <ClCompile Include="Settings.cpp" />
    <ClCompile Include="Writer.cpp" />
    <ClCompile Include="TypeFilter.cpp" />
    <ClCompile Include="TextWriter.cpp" />
    <ClCompile Include="MetadataTypes.cpp" />
    <ClCompile Include="react\ReactFileGenerator.cpp">
      <Filter>rnwinrt</Filter>
    </ClCompile>
    <ClCompile Include="node\NodeFileGenerator.cpp">
      <Filter>node</Filter>
    </ClCompile>
  </ItemGroup>
  <ItemGroup>
    <ClInclude Include="pch.h" />
    <ClInclude Include="CommandReader.h" />
    <ClInclude Include="Settings.h" />
    <ClInclude Include="MetadataHelpers.h" />
    <ClInclude Include="Writer.h" />
    <ClInclude Include="TypeFilter.h" />
    <ClInclude Include="TextWriter.h" />
    <ClInclude Include="TypescriptWriter.h" />
    <ClInclude Include="Parser.h" />
    <ClInclude Include="MetadataTypes.h" />
  </ItemGroup>
  <ItemGroup>
    <None Include="packages.config" />
  </ItemGroup>
  <ItemGroup>
    <ResourceCompile Include="version.rc" />
  </ItemGroup>
  <ItemGroup>
    <Filter Include="rnwinrt">
      <UniqueIdentifier>{45818217-ca0f-43d3-8b75-d312105cbe95}</UniqueIdentifier>
    </Filter>
    <Filter Include="node">
      <UniqueIdentifier>{97819899-a987-4a91-9729-7acdbafecc80}</UniqueIdentifier>
    </Filter>
  </ItemGroup>
</Project>